// !$*UTF8*$!
{
	archiveVersion = 1;
	classes = {
	};
	objectVersion = 50;
	objects = {

/* Begin PBXBuildFile section */
		D19AB8DA24BC3ECD00250AAD /* AppDelegate.swift in Sources */ = {isa = PBXBuildFile; fileRef = D19AB8D924BC3ECD00250AAD /* AppDelegate.swift */; };
		D19AB8DC24BC3ECD00250AAD /* SceneDelegate.swift in Sources */ = {isa = PBXBuildFile; fileRef = D19AB8DB24BC3ECD00250AAD /* SceneDelegate.swift */; };
		D19AB8DE24BC3ECD00250AAD /* ContentView.swift in Sources */ = {isa = PBXBuildFile; fileRef = D19AB8DD24BC3ECD00250AAD /* ContentView.swift */; };
		D19AB8E024BC3ED100250AAD /* Assets.xcassets in Resources */ = {isa = PBXBuildFile; fileRef = D19AB8DF24BC3ED100250AAD /* Assets.xcassets */; };
		D19AB8E324BC3ED100250AAD /* Preview Assets.xcassets in Resources */ = {isa = PBXBuildFile; fileRef = D19AB8E224BC3ED100250AAD /* Preview Assets.xcassets */; };
		D19AB8E624BC3ED100250AAD /* LaunchScreen.storyboard in Resources */ = {isa = PBXBuildFile; fileRef = D19AB8E424BC3ED100250AAD /* LaunchScreen.storyboard */; };
/* End PBXBuildFile section */

/* Begin PBXFileReference section */
		D19AB8D624BC3ECD00250AAD /* ListSwift.app */ = {isa = PBXFileReference; explicitFileType = wrapper.application; includeInIndex = 0; path = ListSwift.app; sourceTree = BUILT_PRODUCTS_DIR; };
		D19AB8D924BC3ECD00250AAD /* AppDelegate.swift */ = {isa = PBXFileReference; lastKnownFileType = sourcecode.swift; path = AppDelegate.swift; sourceTree = "<group>"; };
		D19AB8DB24BC3ECD00250AAD /* SceneDelegate.swift */ = {isa = PBXFileReference; lastKnownFileType = sourcecode.swift; path = SceneDelegate.swift; sourceTree = "<group>"; };
		D19AB8DD24BC3ECD00250AAD /* ContentView.swift */ = {isa = PBXFileReference; lastKnownFileType = sourcecode.swift; path = ContentView.swift; sourceTree = "<group>"; };
		D19AB8DF24BC3ED100250AAD /* Assets.xcassets */ = {isa = PBXFileReference; lastKnownFileType = folder.assetcatalog; path = Assets.xcassets; sourceTree = "<group>"; };
		D19AB8E224BC3ED100250AAD /* Preview Assets.xcassets */ = {isa = PBXFileReference; lastKnownFileType = folder.assetcatalog; path = "Preview Assets.xcassets"; sourceTree = "<group>"; };
		D19AB8E524BC3ED100250AAD /* Base */ = {isa = PBXFileReference; lastKnownFileType = file.storyboard; name = Base; path = Base.lproj/LaunchScreen.storyboard; sourceTree = "<group>"; };
		D19AB8E724BC3ED100250AAD /* Info.plist */ = {isa = PBXFileReference; lastKnownFileType = text.plist.xml; path = Info.plist; sourceTree = "<group>"; };
/* End PBXFileReference section */

/* Begin PBXFrameworksBuildPhase section */
		D19AB8D324BC3ECD00250AAD /* Frameworks */ = {
			isa = PBXFrameworksBuildPhase;
			buildActionMask = 2147483647;
			files = (
			);
			runOnlyForDeploymentPostprocessing = 0;
		};
/* End PBXFrameworksBuildPhase section */

/* Begin PBXGroup section */
		D19AB8CD24BC3ECD00250AAD = {
			isa = PBXGroup;
			children = (
				D19AB8D824BC3ECD00250AAD /* ListSwift */,
				D19AB8D724BC3ECD00250AAD /* Products */,
			);
			sourceTree = "<group>";
		};
		D19AB8D724BC3ECD00250AAD /* Products */ = {
			isa = PBXGroup;
			children = (
				D19AB8D624BC3ECD00250AAD /* ListSwift.app */,
			);
			name = Products;
			sourceTree = "<group>";
		};
		D19AB8D824BC3ECD00250AAD /* ListSwift */ = {
			isa = PBXGroup;
			children = (
				D19AB8D924BC3ECD00250AAD /* AppDelegate.swift */,
				D19AB8DB24BC3ECD00250AAD /* SceneDelegate.swift */,
				D19AB8DD24BC3ECD00250AAD /* ContentView.swift */,
				D19AB8DF24BC3ED100250AAD /* Assets.xcassets */,
				D19AB8E424BC3ED100250AAD /* LaunchScreen.storyboard */,
				D19AB8E724BC3ED100250AAD /* Info.plist */,
				D19AB8E124BC3ED100250AAD /* Preview Content */,
			);
			path = ListSwift;
			sourceTree = "<group>";
		};
		D19AB8E124BC3ED100250AAD /* Preview Content */ = {
			isa = PBXGroup;
			children = (
				D19AB8E224BC3ED100250AAD /* Preview Assets.xcassets */,
			);
			path = "Preview Content";
			sourceTree = "<group>";
		};
/* End PBXGroup section */

/* Begin PBXNativeTarget section */
		D19AB8D524BC3ECD00250AAD /* ListSwift */ = {
			isa = PBXNativeTarget;
			buildConfigurationList = D19AB8EA24BC3ED100250AAD /* Build configuration list for PBXNativeTarget "ListSwift" */;
			buildPhases = (
				D19AB8D224BC3ECD00250AAD /* Sources */,
				D19AB8D324BC3ECD00250AAD /* Frameworks */,
				D19AB8D424BC3ECD00250AAD /* Resources */,
			);
			buildRules = (
			);
			dependencies = (
			);
			name = ListSwift;
			productName = ListSwift;
			productReference = D19AB8D624BC3ECD00250AAD /* ListSwift.app */;
			productType = "com.apple.product-type.application";
		};
/* End PBXNativeTarget section */

/* Begin PBXProject section */
		D19AB8CE24BC3ECD00250AAD /* Project object */ = {
			isa = PBXProject;
			attributes = {
				LastSwiftUpdateCheck = 1150;
				LastUpgradeCheck = 1150;
				ORGANIZATIONNAME = "Khanna, Videh Rakesh Rakesh";
				TargetAttributes = {
					D19AB8D524BC3ECD00250AAD = {
						CreatedOnToolsVersion = 11.5;
					};
				};
			};
			buildConfigurationList = D19AB8D124BC3ECD00250AAD /* Build configuration list for PBXProject "ListSwift" */;
			compatibilityVersion = "Xcode 9.3";
			developmentRegion = en;
			hasScannedForEncodings = 0;
			knownRegions = (
				en,
				Base,
			);
			mainGroup = D19AB8CD24BC3ECD00250AAD;
			productRefGroup = D19AB8D724BC3ECD00250AAD /* Products */;
			projectDirPath = "";
			projectRoot = "";
			targets = (
				D19AB8D524BC3ECD00250AAD /* ListSwift */,
			);
		};
/* End PBXProject section */

/* Begin PBXResourcesBuildPhase section */
		D19AB8D424BC3ECD00250AAD /* Resources */ = {
			isa = PBXResourcesBuildPhase;
			buildActionMask = 2147483647;
			files = (
				D19AB8E624BC3ED100250AAD /* LaunchScreen.storyboard in Resources */,
				D19AB8E324BC3ED100250AAD /* Preview Assets.xcassets in Resources */,
				D19AB8E024BC3ED100250AAD /* Assets.xcassets in Resources */,
			);
			runOnlyForDeploymentPostprocessing = 0;
		};
/* End PBXResourcesBuildPhase section */

/* Begin PBXSourcesBuildPhase section */
		D19AB8D224BC3ECD00250AAD /* Sources */ = {
			isa = PBXSourcesBuildPhase;
			buildActionMask = 2147483647;
			files = (
				D19AB8DA24BC3ECD00250AAD /* AppDelegate.swift in Sources */,
				D19AB8DC24BC3ECD00250AAD /* SceneDelegate.swift in Sources */,
				D19AB8DE24BC3ECD00250AAD /* ContentView.swift in Sources */,
			);
			runOnlyForDeploymentPostprocessing = 0;
		};
/* End PBXSourcesBuildPhase section */

/* Begin PBXVariantGroup section */
		D19AB8E424BC3ED100250AAD /* LaunchScreen.storyboard */ = {
			isa = PBXVariantGroup;
			children = (
				D19AB8E524BC3ED100250AAD /* Base */,
			);
			name = LaunchScreen.storyboard;
			sourceTree = "<group>";
		};
/* End PBXVariantGroup section */

/* Begin XCBuildConfiguration section */
		D19AB8E824BC3ED100250AAD /* Debug */ = {
			isa = XCBuildConfiguration;
			buildSettings = {
				ALWAYS_SEARCH_USER_PATHS = NO;
				CLANG_ANALYZER_NONNULL = YES;
				CLANG_ANALYZER_NUMBER_OBJECT_CONVERSION = YES_AGGRESSIVE;
				CLANG_CXX_LANGUAGE_STANDARD = "gnu++14";
				CLANG_CXX_LIBRARY = "libc++";
				CLANG_ENABLE_MODULES = YES;
				CLANG_ENABLE_OBJC_ARC = YES;
				CLANG_ENABLE_OBJC_WEAK = YES;
				CLANG_WARN_BLOCK_CAPTURE_AUTORELEASING = YES;
				CLANG_WARN_BOOL_CONVERSION = YES;
				CLANG_WARN_COMMA = YES;
				CLANG_WARN_CONSTANT_CONVERSION = YES;
				CLANG_WARN_DEPRECATED_OBJC_IMPLEMENTATIONS = YES;
				CLANG_WARN_DIRECT_OBJC_ISA_USAGE = YES_ERROR;
				CLANG_WARN_DOCUMENTATION_COMMENTS = YES;
				CLANG_WARN_EMPTY_BODY = YES;
				CLANG_WARN_ENUM_CONVERSION = YES;
				CLANG_WARN_INFINITE_RECURSION = YES;
				CLANG_WARN_INT_CONVERSION = YES;
				CLANG_WARN_NON_LITERAL_NULL_CONVERSION = YES;
				CLANG_WARN_OBJC_IMPLICIT_RETAIN_SELF = YES;
				CLANG_WARN_OBJC_LITERAL_CONVERSION = YES;
				CLANG_WARN_OBJC_ROOT_CLASS = YES_ERROR;
				CLANG_WARN_RANGE_LOOP_ANALYSIS = YES;
				CLANG_WARN_STRICT_PROTOTYPES = YES;
				CLANG_WARN_SUSPICIOUS_MOVE = YES;
				CLANG_WARN_UNGUARDED_AVAILABILITY = YES_AGGRESSIVE;
				CLANG_WARN_UNREACHABLE_CODE = YES;
				CLANG_WARN__DUPLICATE_METHOD_MATCH = YES;
				COPY_PHASE_STRIP = NO;
				DEBUG_INFORMATION_FORMAT = dwarf;
				ENABLE_STRICT_OBJC_MSGSEND = YES;
				ENABLE_TESTABILITY = YES;
				GCC_C_LANGUAGE_STANDARD = gnu11;
				GCC_DYNAMIC_NO_PIC = NO;
				GCC_NO_COMMON_BLOCKS = YES;
				GCC_OPTIMIZATION_LEVEL = 0;
				GCC_PREPROCESSOR_DEFINITIONS = (
					"DEBUG=1",
					"$(inherited)",
				);
				GCC_WARN_64_TO_32_BIT_CONVERSION = YES;
				GCC_WARN_ABOUT_RETURN_TYPE = YES_ERROR;
				GCC_WARN_UNDECLARED_SELECTOR = YES;
				GCC_WARN_UNINITIALIZED_AUTOS = YES_AGGRESSIVE;
				GCC_WARN_UNUSED_FUNCTION = YES;
				GCC_WARN_UNUSED_VARIABLE = YES;
				IPHONEOS_DEPLOYMENT_TARGET = 13.5;
				MTL_ENABLE_DEBUG_INFO = INCLUDE_SOURCE;
				MTL_FAST_MATH = YES;
				ONLY_ACTIVE_ARCH = YES;
				SDKROOT = iphoneos;
				SWIFT_ACTIVE_COMPILATION_CONDITIONS = DEBUG;
				SWIFT_OPTIMIZATION_LEVEL = "-Onone";
			};
			name = Debug;
		};
		D19AB8E924BC3ED100250AAD /* Release */ = {
			isa = XCBuildConfiguration;
			buildSettings = {
				ALWAYS_SEARCH_USER_PATHS = NO;
				CLANG_ANALYZER_NONNULL = YES;
				CLANG_ANALYZER_NUMBER_OBJECT_CONVERSION = YES_AGGRESSIVE;
				CLANG_CXX_LANGUAGE_STANDARD = "gnu++14";
				CLANG_CXX_LIBRARY = "libc++";
				CLANG_ENABLE_MODULES = YES;
				CLANG_ENABLE_OBJC_ARC = YES;
				CLANG_ENABLE_OBJC_WEAK = YES;
				CLANG_WARN_BLOCK_CAPTURE_AUTORELEASING = YES;
				CLANG_WARN_BOOL_CONVERSION = YES;
				CLANG_WARN_COMMA = YES;
				CLANG_WARN_CONSTANT_CONVERSION = YES;
				CLANG_WARN_DEPRECATED_OBJC_IMPLEMENTATIONS = YES;
				CLANG_WARN_DIRECT_OBJC_ISA_USAGE = YES_ERROR;
				CLANG_WARN_DOCUMENTATION_COMMENTS = YES;
				CLANG_WARN_EMPTY_BODY = YES;
				CLANG_WARN_ENUM_CONVERSION = YES;
				CLANG_WARN_INFINITE_RECURSION = YES;
				CLANG_WARN_INT_CONVERSION = YES;
				CLANG_WARN_NON_LITERAL_NULL_CONVERSION = YES;
				CLANG_WARN_OBJC_IMPLICIT_RETAIN_SELF = YES;
				CLANG_WARN_OBJC_LITERAL_CONVERSION = YES;
				CLANG_WARN_OBJC_ROOT_CLASS = YES_ERROR;
				CLANG_WARN_RANGE_LOOP_ANALYSIS = YES;
				CLANG_WARN_STRICT_PROTOTYPES = YES;
				CLANG_WARN_SUSPICIOUS_MOVE = YES;
				CLANG_WARN_UNGUARDED_AVAILABILITY = YES_AGGRESSIVE;
				CLANG_WARN_UNREACHABLE_CODE = YES;
				CLANG_WARN__DUPLICATE_METHOD_MATCH = YES;
				COPY_PHASE_STRIP = NO;
				DEBUG_INFORMATION_FORMAT = "dwarf-with-dsym";
				ENABLE_NS_ASSERTIONS = NO;
				ENABLE_STRICT_OBJC_MSGSEND = YES;
				GCC_C_LANGUAGE_STANDARD = gnu11;
				GCC_NO_COMMON_BLOCKS = YES;
				GCC_WARN_64_TO_32_BIT_CONVERSION = YES;
				GCC_WARN_ABOUT_RETURN_TYPE = YES_ERROR;
				GCC_WARN_UNDECLARED_SELECTOR = YES;
				GCC_WARN_UNINITIALIZED_AUTOS = YES_AGGRESSIVE;
				GCC_WARN_UNUSED_FUNCTION = YES;
				GCC_WARN_UNUSED_VARIABLE = YES;
				IPHONEOS_DEPLOYMENT_TARGET = 13.5;
				MTL_ENABLE_DEBUG_INFO = NO;
				MTL_FAST_MATH = YES;
				SDKROOT = iphoneos;
				SWIFT_COMPILATION_MODE = wholemodule;
				SWIFT_OPTIMIZATION_LEVEL = "-O";
				VALIDATE_PRODUCT = YES;
			};
			name = Release;
		};
		D19AB8EB24BC3ED100250AAD /* Debug */ = {
			isa = XCBuildConfiguration;
			buildSettings = {
				ASSETCATALOG_COMPILER_APPICON_NAME = AppIcon;
				CODE_SIGN_STYLE = Automatic;
				DEVELOPMENT_ASSET_PATHS = "\"ListSwift/Preview Content\"";
				DEVELOPMENT_TEAM = 8S453CS4KQ;
				ENABLE_PREVIEWS = YES;
				INFOPLIST_FILE = ListSwift/Info.plist;
				LD_RUNPATH_SEARCH_PATHS = (
					"$(inherited)",
					"@executable_path/Frameworks",
				);
				PRODUCT_BUNDLE_IDENTIFIER = com.videh.ListSwift;
				PRODUCT_NAME = "$(TARGET_NAME)";
				SWIFT_VERSION = 5.0;
				TARGETED_DEVICE_FAMILY = "1,2";
			};
			name = Debug;
		};
		D19AB8EC24BC3ED100250AAD /* Release */ = {
			isa = XCBuildConfiguration;
			buildSettings = {
				ASSETCATALOG_COMPILER_APPICON_NAME = AppIcon;
				CODE_SIGN_STYLE = Automatic;
				DEVELOPMENT_ASSET_PATHS = "\"ListSwift/Preview Content\"";
				DEVELOPMENT_TEAM = 8S453CS4KQ;
				ENABLE_PREVIEWS = YES;
				INFOPLIST_FILE = ListSwift/Info.plist;
				LD_RUNPATH_SEARCH_PATHS = (
					"$(inherited)",
					"@executable_path/Frameworks",
				);
				PRODUCT_BUNDLE_IDENTIFIER = com.videh.ListSwift;
				PRODUCT_NAME = "$(TARGET_NAME)";
				SWIFT_VERSION = 5.0;
				TARGETED_DEVICE_FAMILY = "1,2";
			};
			name = Release;
		};
/* End XCBuildConfiguration section */

/* Begin XCConfigurationList section */
		D19AB8D124BC3ECD00250AAD /* Build configuration list for PBXProject "ListSwift" */ = {
			isa = XCConfigurationList;
			buildConfigurations = (
				D19AB8E824BC3ED100250AAD /* Debug */,
				D19AB8E924BC3ED100250AAD /* Release */,
			);
			defaultConfigurationIsVisible = 0;
			defaultConfigurationName = Release;
		};
		D19AB8EA24BC3ED100250AAD /* Build configuration list for PBXNativeTarget "ListSwift" */ = {
			isa = XCConfigurationList;
			buildConfigurations = (
				D19AB8EB24BC3ED100250AAD /* Debug */,
				D19AB8EC24BC3ED100250AAD /* Release */,
			);
			defaultConfigurationIsVisible = 0;
			defaultConfigurationName = Release;
		};
/* End XCConfigurationList section */
	};
	rootObject = D19AB8CE24BC3ECD00250AAD /* Project object */;
}
